github.com/gabe-lee/go_effect_sort v1.3.1 h1:U1tiju2Aok29OX69nFBcr3YrxVytXlQcZqOH6Yxb9rQ=
github.com/gabe-lee/go_effect_sort v1.3.1/go.mod h1:oxsTEfK6fGmPcxwnQkeYoy9sRuOHNd2iksRLjweYEfo=
github.com/gabe-lee/go_list_like v0.6.0 h1:tgQvbjTmcRqpoYVjvfinMmtg4z5OS2vUSU2jnne8lbA=
github.com/gabe-lee/go_list_like v0.6.0/go.mod h1:lACAClhTJZzB2ecNdreFQXRaOI/eJaph+qHlfsUciis=
